
Microsoft Visual Studio Solution File, Format Version 12.00
# Visual Studio Version 16
VisualStudioVersion = 16.0.31624.102
MinimumVisualStudioVersion = 10.0.40219.1
Project("{FAE04EC0-301F-11D3-BF4B-00C04F79EFBC}") = "BookListRazor", "BookListRazor\BookListRazor.csproj", "{7A400FE3-686E-4DAD-971F-4CA5C69C61EB}"
EndProject
Global
	GlobalSection(SolutionConfigurationPlatforms) = preSolution
		Debug|Any CPU = Debug|Any CPU
		Release|Any CPU = Release|Any CPU
	EndGlobalSection
	GlobalSection(ProjectConfigurationPlatforms) = postSolution
		{7A400FE3-686E-4DAD-971F-4CA5C69C61EB}.Debug|Any CPU.ActiveCfg = Debug|Any CPU
		{7A400FE3-686E-4DAD-971F-4CA5C69C61EB}.Debug|Any CPU.Build.0 = Debug|Any CPU
		{7A400FE3-686E-4DAD-971F-4CA5C69C61EB}.Release|Any CPU.ActiveCfg = Release|Any CPU
		{7A400FE3-686E-4DAD-971F-4CA5C69C61EB}.Release|Any CPU.Build.0 = Release|Any CPU
	EndGlobalSection
	GlobalSection(SolutionProperties) = preSolution
		HideSolutionNode = FALSE
	EndGlobalSection
	GlobalSection(ExtensibilityGlobals) = postSolution
		SolutionGuid = {260CB3B1-E126-41AC-9AAD-ED6C68DC42A7}
	EndGlobalSection
EndGlobal
